
Microsoft Visual Studio Solution File, Format Version 11.00
# Visual Studio 2010
Project("{FAE04EC0-301F-11D3-BF4B-00C04F79EFBC}") = "RacingGame", "RacingGame\RacingGame\RacingGame.csproj", "{BA7FC73F-E1FA-4F89-8E5E-F980D52AA960}"
EndProject
Project("{FAE04EC0-301F-11D3-BF4B-00C04F79EFBC}") = "RacingGameContent", "RacingGame\RacingGameContent\RacingGameContent.contentproj", "{4287CF45-EFFA-461E-B084-9DCF023AD81E}"
EndProject
Global
	GlobalSection(SolutionConfigurationPlatforms) = preSolution
		Debug|Any CPU = Debug|Any CPU
		Debug|Mixed Platforms = Debug|Mixed Platforms
		Debug|x86 = Debug|x86
		Release|Any CPU = Release|Any CPU
		Release|Mixed Platforms = Release|Mixed Platforms
		Release|x86 = Release|x86
	EndGlobalSection
	GlobalSection(ProjectConfigurationPlatforms) = postSolution
		{BA7FC73F-E1FA-4F89-8E5E-F980D52AA960}.Debug|Any CPU.ActiveCfg = Debug|x86
		{BA7FC73F-E1FA-4F89-8E5E-F980D52AA960}.Debug|Mixed Platforms.ActiveCfg = Debug|x86
		{BA7FC73F-E1FA-4F89-8E5E-F980D52AA960}.Debug|Mixed Platforms.Build.0 = Debug|x86
		{BA7FC73F-E1FA-4F89-8E5E-F980D52AA960}.Debug|x86.ActiveCfg = Debug|x86
		{BA7FC73F-E1FA-4F89-8E5E-F980D52AA960}.Debug|x86.Build.0 = Debug|x86
		{BA7FC73F-E1FA-4F89-8E5E-F980D52AA960}.Release|Any CPU.ActiveCfg = Release|x86
		{BA7FC73F-E1FA-4F89-8E5E-F980D52AA960}.Release|Mixed Platforms.ActiveCfg = Release|x86
		{BA7FC73F-E1FA-4F89-8E5E-F980D52AA960}.Release|Mixed Platforms.Build.0 = Release|x86
		{BA7FC73F-E1FA-4F89-8E5E-F980D52AA960}.Release|x86.ActiveCfg = Release|x86
		{BA7FC73F-E1FA-4F89-8E5E-F980D52AA960}.Release|x86.Build.0 = Release|x86
		{4287CF45-EFFA-461E-B084-9DCF023AD81E}.Debug|Any CPU.ActiveCfg = Debug|x86
		{4287CF45-EFFA-461E-B084-9DCF023AD81E}.Debug|Mixed Platforms.ActiveCfg = Debug|x86
		{4287CF45-EFFA-461E-B084-9DCF023AD81E}.Debug|x86.ActiveCfg = Debug|x86
		{4287CF45-EFFA-461E-B084-9DCF023AD81E}.Release|Any CPU.ActiveCfg = Release|x86
		{4287CF45-EFFA-461E-B084-9DCF023AD81E}.Release|Mixed Platforms.ActiveCfg = Release|x86
		{4287CF45-EFFA-461E-B084-9DCF023AD81E}.Release|x86.ActiveCfg = Release|x86
	EndGlobalSection
	GlobalSection(SolutionProperties) = preSolution
		HideSolutionNode = FALSE
	EndGlobalSection
EndGlobal
